{
  "name": "lindsvg-install-test",
  "version": "1.0.0",
  "lockfileVersion": 3,
  "requires": true,
  "packages": {
    "": {
      "name": "lindsvg-install-test",
      "version": "1.0.0",
      "license": "MIT",
      "dependencies": {
        "lindsvg": "file:../../lindsvg-1.5.0.tgz"
      }
    },
    "node_modules/lindsvg": {
      "version": "1.5.0",
      "resolved": "file:../../lindsvg-1.5.0.tgz",
      "integrity": "sha512-JbB9J43ON4CtiVw0axPnl6SLEX585iZ2jPTzH7LzlJVaID5RHA1pPTREUy42Q3ToW0i2ZtWaYwScR0p3frsRkg==",
      "license": "MIT",
      "engines": {
        "node": ">=8.3.0"
      }
    }
  }
}
