{
  "name": "lindsvg-install-test",
  "version": "1.0.0",
  "lockfileVersion": 3,
  "requires": true,
  "packages": {
    "": {
      "name": "lindsvg-install-test",
      "version": "1.0.0",
      "license": "MIT",
      "dependencies": {
        "lindsvg": "file:../../lindsvg-1.4.0.tgz"
      }
    },
    "node_modules/lindsvg": {
      "version": "1.4.0",
      "resolved": "file:../../lindsvg-1.4.0.tgz",
      "integrity": "sha512-yGtZ+UvdchTFbhDVUeNKDZP6cQ6SCos+3RjjY+a/ZabrbiU3pHAJ2mrxJ6+rj8guveh+/O42TMNpTTBKg3lILg==",
      "license": "MIT",
      "engines": {
        "node": ">=8.3.0"
      }
    }
  }
}
